
Microsoft Visual Studio Solution File, Format Version 12.00
# Visual Studio Version 17
VisualStudioVersion = 17.3.32804.467
MinimumVisualStudioVersion = 10.0.40219.1
Project("{FAE04EC0-301F-11D3-BF4B-00C04F79EFBC}") = "MagiCache", "MagiCache\MagiCache.csproj", "{F44BAF73-BEE2-486E-A54D-8D18488144A8}"
EndProject
Global
	GlobalSection(SolutionConfigurationPlatforms) = preSolution
		Debug|Any CPU = Debug|Any CPU
		Release|Any CPU = Release|Any CPU
	EndGlobalSection
	GlobalSection(ProjectConfigurationPlatforms) = postSolution
		{F44BAF73-BEE2-486E-A54D-8D18488144A8}.Debug|Any CPU.ActiveCfg = Debug|Any CPU
		{F44BAF73-BEE2-486E-A54D-8D18488144A8}.Debug|Any CPU.Build.0 = Debug|Any CPU
		{F44BAF73-BEE2-486E-A54D-8D18488144A8}.Release|Any CPU.ActiveCfg = Release|Any CPU
		{F44BAF73-BEE2-486E-A54D-8D18488144A8}.Release|Any CPU.Build.0 = Release|Any CPU
	EndGlobalSection
	GlobalSection(SolutionProperties) = preSolution
		HideSolutionNode = FALSE
	EndGlobalSection
	GlobalSection(ExtensibilityGlobals) = postSolution
		SolutionGuid = {3CBC4D4A-F9EF-475A-99B2-831D13F8B36A}
	EndGlobalSection
EndGlobal
